
Microsoft Visual Studio Solution File, Format Version 12.00
# Visual Studio Version 17
VisualStudioVersion = 17.6.33829.357
MinimumVisualStudioVersion = 10.0.40219.1
Project("{FAE04EC0-301F-11D3-BF4B-00C04F79EFBC}") = "Server", "Server\Server.csproj", "{4D250ED2-E171-4789-A471-C2B0ED6B42A5}"
EndProject
Project("{FAE04EC0-301F-11D3-BF4B-00C04F79EFBC}") = "Dal", "Dal\Dal.csproj", "{636850A1-B964-4A92-9174-BA38E5E97D51}"
EndProject
Project("{FAE04EC0-301F-11D3-BF4B-00C04F79EFBC}") = "Bl", "Bl\Bl.csproj", "{C9D1ECB1-8A0E-4BDE-9E76-7135990EFFBF}"
EndProject
Global
	GlobalSection(SolutionConfigurationPlatforms) = preSolution
		Debug|Any CPU = Debug|Any CPU
		Release|Any CPU = Release|Any CPU
	EndGlobalSection
	GlobalSection(ProjectConfigurationPlatforms) = postSolution
		{4D250ED2-E171-4789-A471-C2B0ED6B42A5}.Debug|Any CPU.ActiveCfg = Debug|Any CPU
		{4D250ED2-E171-4789-A471-C2B0ED6B42A5}.Debug|Any CPU.Build.0 = Debug|Any CPU
		{4D250ED2-E171-4789-A471-C2B0ED6B42A5}.Release|Any CPU.ActiveCfg = Release|Any CPU
		{4D250ED2-E171-4789-A471-C2B0ED6B42A5}.Release|Any CPU.Build.0 = Release|Any CPU
		{636850A1-B964-4A92-9174-BA38E5E97D51}.Debug|Any CPU.ActiveCfg = Debug|Any CPU
		{636850A1-B964-4A92-9174-BA38E5E97D51}.Debug|Any CPU.Build.0 = Debug|Any CPU
		{636850A1-B964-4A92-9174-BA38E5E97D51}.Release|Any CPU.ActiveCfg = Release|Any CPU
		{636850A1-B964-4A92-9174-BA38E5E97D51}.Release|Any CPU.Build.0 = Release|Any CPU
		{C9D1ECB1-8A0E-4BDE-9E76-7135990EFFBF}.Debug|Any CPU.ActiveCfg = Debug|Any CPU
		{C9D1ECB1-8A0E-4BDE-9E76-7135990EFFBF}.Debug|Any CPU.Build.0 = Debug|Any CPU
		{C9D1ECB1-8A0E-4BDE-9E76-7135990EFFBF}.Release|Any CPU.ActiveCfg = Release|Any CPU
		{C9D1ECB1-8A0E-4BDE-9E76-7135990EFFBF}.Release|Any CPU.Build.0 = Release|Any CPU
	EndGlobalSection
	GlobalSection(SolutionProperties) = preSolution
		HideSolutionNode = FALSE
	EndGlobalSection
	GlobalSection(ExtensibilityGlobals) = postSolution
		SolutionGuid = {16E19D62-5CB4-41B9-A987-AFCB62EFEA2E}
	EndGlobalSection
EndGlobal
